
Microsoft Visual Studio Solution File, Format Version 12.00
# Visual Studio 15
VisualStudioVersion = 15.0.28307.1169
MinimumVisualStudioVersion = 10.0.40219.1
Project("{FAE04EC0-301F-11D3-BF4B-00C04F79EFBC}") = "WebApplication5", "WebApplication5\WebApplication5.csproj", "{B120FBDA-C108-4D56-AF4F-CBE3405C9CBC}"
EndProject
Global
	GlobalSection(SolutionConfigurationPlatforms) = preSolution
		Debug|Any CPU = Debug|Any CPU
		Release|Any CPU = Release|Any CPU
	EndGlobalSection
	GlobalSection(ProjectConfigurationPlatforms) = postSolution
		{B120FBDA-C108-4D56-AF4F-CBE3405C9CBC}.Debug|Any CPU.ActiveCfg = Debug|Any CPU
		{B120FBDA-C108-4D56-AF4F-CBE3405C9CBC}.Debug|Any CPU.Build.0 = Debug|Any CPU
		{B120FBDA-C108-4D56-AF4F-CBE3405C9CBC}.Release|Any CPU.ActiveCfg = Release|Any CPU
		{B120FBDA-C108-4D56-AF4F-CBE3405C9CBC}.Release|Any CPU.Build.0 = Release|Any CPU
	EndGlobalSection
	GlobalSection(SolutionProperties) = preSolution
		HideSolutionNode = FALSE
	EndGlobalSection
	GlobalSection(ExtensibilityGlobals) = postSolution
		SolutionGuid = {68E27AC7-94BF-4AA2-A826-38DD01BFC52F}
	EndGlobalSection
EndGlobal
