
Microsoft Visual Studio Solution File, Format Version 12.00
# Visual Studio Version 16
VisualStudioVersion = 16.0.30204.135
MinimumVisualStudioVersion = 10.0.40219.1
Project("{FAE04EC0-301F-11D3-BF4B-00C04F79EFBC}") = "task8Try", "task8Try\task8Try.csproj", "{7E38E313-19F4-43E2-B61E-F97A1E051408}"
EndProject
Global
	GlobalSection(SolutionConfigurationPlatforms) = preSolution
		Debug|Any CPU = Debug|Any CPU
		Release|Any CPU = Release|Any CPU
	EndGlobalSection
	GlobalSection(ProjectConfigurationPlatforms) = postSolution
		{7E38E313-19F4-43E2-B61E-F97A1E051408}.Debug|Any CPU.ActiveCfg = Debug|Any CPU
		{7E38E313-19F4-43E2-B61E-F97A1E051408}.Debug|Any CPU.Build.0 = Debug|Any CPU
		{7E38E313-19F4-43E2-B61E-F97A1E051408}.Release|Any CPU.ActiveCfg = Release|Any CPU
		{7E38E313-19F4-43E2-B61E-F97A1E051408}.Release|Any CPU.Build.0 = Release|Any CPU
	EndGlobalSection
	GlobalSection(SolutionProperties) = preSolution
		HideSolutionNode = FALSE
	EndGlobalSection
	GlobalSection(ExtensibilityGlobals) = postSolution
		SolutionGuid = {C885787D-8979-487F-9CA7-0AC7303311A9}
	EndGlobalSection
EndGlobal
